// !$*UTF8*$!
{
	archiveVersion = 1;
	classes = {
	};
	objectVersion = 55;
	objects = {

/* Begin PBXBuildFile section */
		27DC2B50278A331400944DC7 /* StackmonApp.swift in Sources */ = {isa = PBXBuildFile; fileRef = 27DC2B4F278A331400944DC7 /* StackmonApp.swift */; };
		27DC2B52278A331400944DC7 /* ContentView.swift in Sources */ = {isa = PBXBuildFile; fileRef = 27DC2B51278A331400944DC7 /* ContentView.swift */; };
		27DC2B54278A331600944DC7 /* Assets.xcassets in Resources */ = {isa = PBXBuildFile; fileRef = 27DC2B53278A331600944DC7 /* Assets.xcassets */; };
		27DC2B57278A331600944DC7 /* Preview Assets.xcassets in Resources */ = {isa = PBXBuildFile; fileRef = 27DC2B56278A331600944DC7 /* Preview Assets.xcassets */; };
		27DC2B62278A35A100944DC7 /* SotoAthena in Frameworks */ = {isa = PBXBuildFile; productRef = 27DC2B61278A35A100944DC7 /* SotoAthena */; };
		27DC2B64278A35A100944DC7 /* SotoElasticsearchService in Frameworks */ = {isa = PBXBuildFile; productRef = 27DC2B63278A35A100944DC7 /* SotoElasticsearchService */; };
		27DC2B66278A35A100944DC7 /* SotoGlue in Frameworks */ = {isa = PBXBuildFile; productRef = 27DC2B65278A35A100944DC7 /* SotoGlue */; };
		27DC2B68278A35A100944DC7 /* SotoIAM in Frameworks */ = {isa = PBXBuildFile; productRef = 27DC2B67278A35A100944DC7 /* SotoIAM */; };
		27DC2B6A278A35A100944DC7 /* SotoLambda in Frameworks */ = {isa = PBXBuildFile; productRef = 27DC2B69278A35A100944DC7 /* SotoLambda */; };
		27DC2B6C278A35A100944DC7 /* SotoS3 in Frameworks */ = {isa = PBXBuildFile; productRef = 27DC2B6B278A35A100944DC7 /* SotoS3 */; };
		27DC2B6E278A35A100944DC7 /* SotoSNS in Frameworks */ = {isa = PBXBuildFile; productRef = 27DC2B6D278A35A100944DC7 /* SotoSNS */; };
		27DC2B70278A35A100944DC7 /* SotoSQS in Frameworks */ = {isa = PBXBuildFile; productRef = 27DC2B6F278A35A100944DC7 /* SotoSQS */; };
		27DC2B73278A4B5B00944DC7 /* S3Service.swift in Sources */ = {isa = PBXBuildFile; fileRef = 27DC2B72278A4B5B00944DC7 /* S3Service.swift */; };
		27DC2B76278A4D0E00944DC7 /* AppState.swift in Sources */ = {isa = PBXBuildFile; fileRef = 27DC2B75278A4D0E00944DC7 /* AppState.swift */; };
		27DC2B78278A4E1500944DC7 /* Profile.swift in Sources */ = {isa = PBXBuildFile; fileRef = 27DC2B77278A4E1500944DC7 /* Profile.swift */; };
		27DC2B7A278A6BF600944DC7 /* S3ServiceView.swift in Sources */ = {isa = PBXBuildFile; fileRef = 27DC2B79278A6BF600944DC7 /* S3ServiceView.swift */; };
		27DC2B7D278A778200944DC7 /* SidebarView.swift in Sources */ = {isa = PBXBuildFile; fileRef = 27DC2B7C278A778200944DC7 /* SidebarView.swift */; };
		27DC2B7F278A7AED00944DC7 /* Events.swift in Sources */ = {isa = PBXBuildFile; fileRef = 27DC2B7E278A7AED00944DC7 /* Events.swift */; };
		27DC2B82278A7C4900944DC7 /* CenteredViewModifier.swift in Sources */ = {isa = PBXBuildFile; fileRef = 27DC2B81278A7C4900944DC7 /* CenteredViewModifier.swift */; };
		27DC2B84278A82A400944DC7 /* S3BucketDetailEditorView.swift in Sources */ = {isa = PBXBuildFile; fileRef = 27DC2B83278A82A400944DC7 /* S3BucketDetailEditorView.swift */; };
		27DC2B86278A833D00944DC7 /* S3Bucket.swift in Sources */ = {isa = PBXBuildFile; fileRef = 27DC2B85278A833D00944DC7 /* S3Bucket.swift */; };
		27DC2B88278B5FE600944DC7 /* S3BucketListView.swift in Sources */ = {isa = PBXBuildFile; fileRef = 27DC2B87278B5FE600944DC7 /* S3BucketListView.swift */; };
		27DC2B8B278B6C4700944DC7 /* DateFormatter.swift in Sources */ = {isa = PBXBuildFile; fileRef = 27DC2B8A278B6C4700944DC7 /* DateFormatter.swift */; };
		27DC2B8D278B75B500944DC7 /* SQSServiceView.swift in Sources */ = {isa = PBXBuildFile; fileRef = 27DC2B8C278B75B500944DC7 /* SQSServiceView.swift */; };
		27DC2B8F278B763200944DC7 /* SQSService.swift in Sources */ = {isa = PBXBuildFile; fileRef = 27DC2B8E278B763200944DC7 /* SQSService.swift */; };
		27DC2B91278B78B500944DC7 /* SQSQueue.swift in Sources */ = {isa = PBXBuildFile; fileRef = 27DC2B90278B78B500944DC7 /* SQSQueue.swift */; };
		27DC2B93278B78FD00944DC7 /* SQSQueueListView.swift in Sources */ = {isa = PBXBuildFile; fileRef = 27DC2B92278B78FD00944DC7 /* SQSQueueListView.swift */; };
		27DC2B95278B942000944DC7 /* SQSSendMessageView.swift in Sources */ = {isa = PBXBuildFile; fileRef = 27DC2B94278B942000944DC7 /* SQSSendMessageView.swift */; };
		27DC2B97278B9B7D00944DC7 /* String.swift in Sources */ = {isa = PBXBuildFile; fileRef = 27DC2B96278B9B7D00944DC7 /* String.swift */; };
		27DC2B99278BA6CB00944DC7 /* SNSServiceView.swift in Sources */ = {isa = PBXBuildFile; fileRef = 27DC2B98278BA6CB00944DC7 /* SNSServiceView.swift */; };
		27DC2B9B278BA78F00944DC7 /* SNSService.swift in Sources */ = {isa = PBXBuildFile; fileRef = 27DC2B9A278BA78F00944DC7 /* SNSService.swift */; };
		27DC2B9D278BA8CB00944DC7 /* SNSTopicListView.swift in Sources */ = {isa = PBXBuildFile; fileRef = 27DC2B9C278BA8CB00944DC7 /* SNSTopicListView.swift */; };
		27DC2B9F278BAA2000944DC7 /* SNSTopic.swift in Sources */ = {isa = PBXBuildFile; fileRef = 27DC2B9E278BAA2000944DC7 /* SNSTopic.swift */; };
		27DC2BA1278BADDB00944DC7 /* SNSTopicPublishView.swift in Sources */ = {isa = PBXBuildFile; fileRef = 27DC2BA0278BADDB00944DC7 /* SNSTopicPublishView.swift */; };
		27DC2BA5278BC3F600944DC7 /* SNSSubscription.swift in Sources */ = {isa = PBXBuildFile; fileRef = 27DC2BA4278BC3F600944DC7 /* SNSSubscription.swift */; };
		27DC2BA9278BC6B000944DC7 /* Credits.html in Resources */ = {isa = PBXBuildFile; fileRef = 27DC2BA8278BC6B000944DC7 /* Credits.html */; };
		27DC2BAB278FC94C00944DC7 /* TableListView.swift in Sources */ = {isa = PBXBuildFile; fileRef = 27DC2BAA278FC94C00944DC7 /* TableListView.swift */; };
/* End PBXBuildFile section */

/* Begin PBXFileReference section */
		27DC2B4C278A331400944DC7 /* Stackmon.app */ = {isa = PBXFileReference; explicitFileType = wrapper.application; includeInIndex = 0; path = Stackmon.app; sourceTree = BUILT_PRODUCTS_DIR; };
		27DC2B4F278A331400944DC7 /* StackmonApp.swift */ = {isa = PBXFileReference; lastKnownFileType = sourcecode.swift; path = StackmonApp.swift; sourceTree = "<group>"; };
		27DC2B51278A331400944DC7 /* ContentView.swift */ = {isa = PBXFileReference; lastKnownFileType = sourcecode.swift; path = ContentView.swift; sourceTree = "<group>"; };
		27DC2B53278A331600944DC7 /* Assets.xcassets */ = {isa = PBXFileReference; lastKnownFileType = folder.assetcatalog; path = Assets.xcassets; sourceTree = "<group>"; };
		27DC2B56278A331600944DC7 /* Preview Assets.xcassets */ = {isa = PBXFileReference; lastKnownFileType = folder.assetcatalog; path = "Preview Assets.xcassets"; sourceTree = "<group>"; };
		27DC2B58278A331600944DC7 /* Stackmon.entitlements */ = {isa = PBXFileReference; lastKnownFileType = text.plist.entitlements; path = Stackmon.entitlements; sourceTree = "<group>"; };
		27DC2B72278A4B5B00944DC7 /* S3Service.swift */ = {isa = PBXFileReference; lastKnownFileType = sourcecode.swift; path = S3Service.swift; sourceTree = "<group>"; };
		27DC2B75278A4D0E00944DC7 /* AppState.swift */ = {isa = PBXFileReference; lastKnownFileType = sourcecode.swift; path = AppState.swift; sourceTree = "<group>"; };
		27DC2B77278A4E1500944DC7 /* Profile.swift */ = {isa = PBXFileReference; lastKnownFileType = sourcecode.swift; path = Profile.swift; sourceTree = "<group>"; };
		27DC2B79278A6BF600944DC7 /* S3ServiceView.swift */ = {isa = PBXFileReference; lastKnownFileType = sourcecode.swift; path = S3ServiceView.swift; sourceTree = "<group>"; };
		27DC2B7B278A71D700944DC7 /* Info.plist */ = {isa = PBXFileReference; lastKnownFileType = text.plist; path = Info.plist; sourceTree = "<group>"; };
		27DC2B7C278A778200944DC7 /* SidebarView.swift */ = {isa = PBXFileReference; lastKnownFileType = sourcecode.swift; path = SidebarView.swift; sourceTree = "<group>"; };
		27DC2B7E278A7AED00944DC7 /* Events.swift */ = {isa = PBXFileReference; lastKnownFileType = sourcecode.swift; path = Events.swift; sourceTree = "<group>"; };
		27DC2B81278A7C4900944DC7 /* CenteredViewModifier.swift */ = {isa = PBXFileReference; lastKnownFileType = sourcecode.swift; path = CenteredViewModifier.swift; sourceTree = "<group>"; };
		27DC2B83278A82A400944DC7 /* S3BucketDetailEditorView.swift */ = {isa = PBXFileReference; lastKnownFileType = sourcecode.swift; path = S3BucketDetailEditorView.swift; sourceTree = "<group>"; };
		27DC2B85278A833D00944DC7 /* S3Bucket.swift */ = {isa = PBXFileReference; lastKnownFileType = sourcecode.swift; path = S3Bucket.swift; sourceTree = "<group>"; };
		27DC2B87278B5FE600944DC7 /* S3BucketListView.swift */ = {isa = PBXFileReference; lastKnownFileType = sourcecode.swift; path = S3BucketListView.swift; sourceTree = "<group>"; };
		27DC2B8A278B6C4700944DC7 /* DateFormatter.swift */ = {isa = PBXFileReference; lastKnownFileType = sourcecode.swift; path = DateFormatter.swift; sourceTree = "<group>"; };
		27DC2B8C278B75B500944DC7 /* SQSServiceView.swift */ = {isa = PBXFileReference; lastKnownFileType = sourcecode.swift; path = SQSServiceView.swift; sourceTree = "<group>"; };
		27DC2B8E278B763200944DC7 /* SQSService.swift */ = {isa = PBXFileReference; lastKnownFileType = sourcecode.swift; path = SQSService.swift; sourceTree = "<group>"; };
		27DC2B90278B78B500944DC7 /* SQSQueue.swift */ = {isa = PBXFileReference; lastKnownFileType = sourcecode.swift; path = SQSQueue.swift; sourceTree = "<group>"; };
		27DC2B92278B78FD00944DC7 /* SQSQueueListView.swift */ = {isa = PBXFileReference; lastKnownFileType = sourcecode.swift; path = SQSQueueListView.swift; sourceTree = "<group>"; };
		27DC2B94278B942000944DC7 /* SQSSendMessageView.swift */ = {isa = PBXFileReference; lastKnownFileType = sourcecode.swift; path = SQSSendMessageView.swift; sourceTree = "<group>"; };
		27DC2B96278B9B7D00944DC7 /* String.swift */ = {isa = PBXFileReference; lastKnownFileType = sourcecode.swift; path = String.swift; sourceTree = "<group>"; };
		27DC2B98278BA6CB00944DC7 /* SNSServiceView.swift */ = {isa = PBXFileReference; lastKnownFileType = sourcecode.swift; path = SNSServiceView.swift; sourceTree = "<group>"; };
		27DC2B9A278BA78F00944DC7 /* SNSService.swift */ = {isa = PBXFileReference; lastKnownFileType = sourcecode.swift; path = SNSService.swift; sourceTree = "<group>"; };
		27DC2B9C278BA8CB00944DC7 /* SNSTopicListView.swift */ = {isa = PBXFileReference; lastKnownFileType = sourcecode.swift; path = SNSTopicListView.swift; sourceTree = "<group>"; };
		27DC2B9E278BAA2000944DC7 /* SNSTopic.swift */ = {isa = PBXFileReference; lastKnownFileType = sourcecode.swift; path = SNSTopic.swift; sourceTree = "<group>"; };
		27DC2BA0278BADDB00944DC7 /* SNSTopicPublishView.swift */ = {isa = PBXFileReference; lastKnownFileType = sourcecode.swift; path = SNSTopicPublishView.swift; sourceTree = "<group>"; };
		27DC2BA4278BC3F600944DC7 /* SNSSubscription.swift */ = {isa = PBXFileReference; lastKnownFileType = sourcecode.swift; path = SNSSubscription.swift; sourceTree = "<group>"; };
		27DC2BA8278BC6B000944DC7 /* Credits.html */ = {isa = PBXFileReference; lastKnownFileType = text.html; path = Credits.html; sourceTree = "<group>"; };
		27DC2BAA278FC94C00944DC7 /* TableListView.swift */ = {isa = PBXFileReference; lastKnownFileType = sourcecode.swift; path = TableListView.swift; sourceTree = "<group>"; };
/* End PBXFileReference section */

/* Begin PBXFrameworksBuildPhase section */
		27DC2B49278A331400944DC7 /* Frameworks */ = {
			isa = PBXFrameworksBuildPhase;
			buildActionMask = 2147483647;
			files = (
				27DC2B62278A35A100944DC7 /* SotoAthena in Frameworks */,
				27DC2B6E278A35A100944DC7 /* SotoSNS in Frameworks */,
				27DC2B64278A35A100944DC7 /* SotoElasticsearchService in Frameworks */,
				27DC2B70278A35A100944DC7 /* SotoSQS in Frameworks */,
				27DC2B66278A35A100944DC7 /* SotoGlue in Frameworks */,
				27DC2B6C278A35A100944DC7 /* SotoS3 in Frameworks */,
				27DC2B6A278A35A100944DC7 /* SotoLambda in Frameworks */,
				27DC2B68278A35A100944DC7 /* SotoIAM in Frameworks */,
			);
			runOnlyForDeploymentPostprocessing = 0;
		};
/* End PBXFrameworksBuildPhase section */

/* Begin PBXGroup section */
		27DC2B43278A331400944DC7 = {
			isa = PBXGroup;
			children = (
				27DC2B4E278A331400944DC7 /* Stackmon */,
				27DC2B4D278A331400944DC7 /* Products */,
			);
			sourceTree = "<group>";
		};
		27DC2B4D278A331400944DC7 /* Products */ = {
			isa = PBXGroup;
			children = (
				27DC2B4C278A331400944DC7 /* Stackmon.app */,
			);
			name = Products;
			sourceTree = "<group>";
		};
		27DC2B4E278A331400944DC7 /* Stackmon */ = {
			isa = PBXGroup;
			children = (
				27DC2B58278A331600944DC7 /* Stackmon.entitlements */,
				27DC2BA8278BC6B000944DC7 /* Credits.html */,
				27DC2B7B278A71D700944DC7 /* Info.plist */,
				27DC2B53278A331600944DC7 /* Assets.xcassets */,
				27DC2B89278B6C3500944DC7 /* Extensions */,
				27DC2B74278A4D0500944DC7 /* Models */,
				27DC2B55278A331600944DC7 /* Preview Content */,
				27DC2B71278A376500944DC7 /* Services */,
				27DC2B5E278A332F00944DC7 /* System */,
				27DC2B80278A7C3400944DC7 /* ViewModifiers */,
				27DC2B5F278A333600944DC7 /* Views */,
			);
			path = Stackmon;
			sourceTree = "<group>";
		};
		27DC2B55278A331600944DC7 /* Preview Content */ = {
			isa = PBXGroup;
			children = (
				27DC2B56278A331600944DC7 /* Preview Assets.xcassets */,
			);
			path = "Preview Content";
			sourceTree = "<group>";
		};
		27DC2B5E278A332F00944DC7 /* System */ = {
			isa = PBXGroup;
			children = (
				27DC2B4F278A331400944DC7 /* StackmonApp.swift */,
				27DC2B7E278A7AED00944DC7 /* Events.swift */,
			);
			path = System;
			sourceTree = "<group>";
		};
		27DC2B5F278A333600944DC7 /* Views */ = {
			isa = PBXGroup;
			children = (
				27DC2B51278A331400944DC7 /* ContentView.swift */,
				27DC2B83278A82A400944DC7 /* S3BucketDetailEditorView.swift */,
				27DC2B87278B5FE600944DC7 /* S3BucketListView.swift */,
				27DC2B79278A6BF600944DC7 /* S3ServiceView.swift */,
				27DC2B7C278A778200944DC7 /* SidebarView.swift */,
				27DC2B98278BA6CB00944DC7 /* SNSServiceView.swift */,
				27DC2B9C278BA8CB00944DC7 /* SNSTopicListView.swift */,
				27DC2BA0278BADDB00944DC7 /* SNSTopicPublishView.swift */,
				27DC2B92278B78FD00944DC7 /* SQSQueueListView.swift */,
				27DC2B94278B942000944DC7 /* SQSSendMessageView.swift */,
				27DC2B8C278B75B500944DC7 /* SQSServiceView.swift */,
				27DC2BAA278FC94C00944DC7 /* TableListView.swift */,
			);
			path = Views;
			sourceTree = "<group>";
		};
		27DC2B71278A376500944DC7 /* Services */ = {
			isa = PBXGroup;
			children = (
				27DC2B72278A4B5B00944DC7 /* S3Service.swift */,
				27DC2B9A278BA78F00944DC7 /* SNSService.swift */,
				27DC2B8E278B763200944DC7 /* SQSService.swift */,
			);
			path = Services;
			sourceTree = "<group>";
		};
		27DC2B74278A4D0500944DC7 /* Models */ = {
			isa = PBXGroup;
			children = (
				27DC2B75278A4D0E00944DC7 /* AppState.swift */,
				27DC2B77278A4E1500944DC7 /* Profile.swift */,
				27DC2B85278A833D00944DC7 /* S3Bucket.swift */,
				27DC2B90278B78B500944DC7 /* SQSQueue.swift */,
				27DC2B9E278BAA2000944DC7 /* SNSTopic.swift */,
				27DC2BA4278BC3F600944DC7 /* SNSSubscription.swift */,
			);
			path = Models;
			sourceTree = "<group>";
		};
		27DC2B80278A7C3400944DC7 /* ViewModifiers */ = {
			isa = PBXGroup;
			children = (
				27DC2B81278A7C4900944DC7 /* CenteredViewModifier.swift */,
			);
			path = ViewModifiers;
			sourceTree = "<group>";
		};
		27DC2B89278B6C3500944DC7 /* Extensions */ = {
			isa = PBXGroup;
			children = (
				27DC2B8A278B6C4700944DC7 /* DateFormatter.swift */,
				27DC2B96278B9B7D00944DC7 /* String.swift */,
			);
			path = Extensions;
			sourceTree = "<group>";
		};
/* End PBXGroup section */

/* Begin PBXNativeTarget section */
		27DC2B4B278A331400944DC7 /* Stackmon */ = {
			isa = PBXNativeTarget;
			buildConfigurationList = 27DC2B5B278A331600944DC7 /* Build configuration list for PBXNativeTarget "Stackmon" */;
			buildPhases = (
				27DC2B48278A331400944DC7 /* Sources */,
				27DC2B49278A331400944DC7 /* Frameworks */,
				27DC2B4A278A331400944DC7 /* Resources */,
			);
			buildRules = (
			);
			dependencies = (
			);
			name = Stackmon;
			packageProductDependencies = (
				27DC2B61278A35A100944DC7 /* SotoAthena */,
				27DC2B63278A35A100944DC7 /* SotoElasticsearchService */,
				27DC2B65278A35A100944DC7 /* SotoGlue */,
				27DC2B67278A35A100944DC7 /* SotoIAM */,
				27DC2B69278A35A100944DC7 /* SotoLambda */,
				27DC2B6B278A35A100944DC7 /* SotoS3 */,
				27DC2B6D278A35A100944DC7 /* SotoSNS */,
				27DC2B6F278A35A100944DC7 /* SotoSQS */,
			);
			productName = Stackmon;
			productReference = 27DC2B4C278A331400944DC7 /* Stackmon.app */;
			productType = "com.apple.product-type.application";
		};
/* End PBXNativeTarget section */

/* Begin PBXProject section */
		27DC2B44278A331400944DC7 /* Project object */ = {
			isa = PBXProject;
			attributes = {
				BuildIndependentTargetsInParallel = 1;
				LastSwiftUpdateCheck = 1320;
				LastUpgradeCheck = 1320;
				TargetAttributes = {
					27DC2B4B278A331400944DC7 = {
						CreatedOnToolsVersion = 13.2.1;
					};
				};
			};
			buildConfigurationList = 27DC2B47278A331400944DC7 /* Build configuration list for PBXProject "Stackmon" */;
			compatibilityVersion = "Xcode 13.0";
			developmentRegion = en;
			hasScannedForEncodings = 0;
			knownRegions = (
				en,
				Base,
			);
			mainGroup = 27DC2B43278A331400944DC7;
			packageReferences = (
				27DC2B60278A35A100944DC7 /* XCRemoteSwiftPackageReference "soto" */,
			);
			productRefGroup = 27DC2B4D278A331400944DC7 /* Products */;
			projectDirPath = "";
			projectRoot = "";
			targets = (
				27DC2B4B278A331400944DC7 /* Stackmon */,
			);
		};
/* End PBXProject section */

/* Begin PBXResourcesBuildPhase section */
		27DC2B4A278A331400944DC7 /* Resources */ = {
			isa = PBXResourcesBuildPhase;
			buildActionMask = 2147483647;
			files = (
				27DC2B57278A331600944DC7 /* Preview Assets.xcassets in Resources */,
				27DC2BA9278BC6B000944DC7 /* Credits.html in Resources */,
				27DC2B54278A331600944DC7 /* Assets.xcassets in Resources */,
			);
			runOnlyForDeploymentPostprocessing = 0;
		};
/* End PBXResourcesBuildPhase section */

/* Begin PBXSourcesBuildPhase section */
		27DC2B48278A331400944DC7 /* Sources */ = {
			isa = PBXSourcesBuildPhase;
			buildActionMask = 2147483647;
			files = (
				27DC2B97278B9B7D00944DC7 /* String.swift in Sources */,
				27DC2B88278B5FE600944DC7 /* S3BucketListView.swift in Sources */,
				27DC2B7A278A6BF600944DC7 /* S3ServiceView.swift in Sources */,
				27DC2B95278B942000944DC7 /* SQSSendMessageView.swift in Sources */,
				27DC2B52278A331400944DC7 /* ContentView.swift in Sources */,
				27DC2B9D278BA8CB00944DC7 /* SNSTopicListView.swift in Sources */,
				27DC2B84278A82A400944DC7 /* S3BucketDetailEditorView.swift in Sources */,
				27DC2B8B278B6C4700944DC7 /* DateFormatter.swift in Sources */,
				27DC2B91278B78B500944DC7 /* SQSQueue.swift in Sources */,
				27DC2BA1278BADDB00944DC7 /* SNSTopicPublishView.swift in Sources */,
				27DC2B7D278A778200944DC7 /* SidebarView.swift in Sources */,
				27DC2B82278A7C4900944DC7 /* CenteredViewModifier.swift in Sources */,
				27DC2B78278A4E1500944DC7 /* Profile.swift in Sources */,
				27DC2B8D278B75B500944DC7 /* SQSServiceView.swift in Sources */,
				27DC2B7F278A7AED00944DC7 /* Events.swift in Sources */,
				27DC2B86278A833D00944DC7 /* S3Bucket.swift in Sources */,
				27DC2B9F278BAA2000944DC7 /* SNSTopic.swift in Sources */,
				27DC2B50278A331400944DC7 /* StackmonApp.swift in Sources */,
				27DC2BA5278BC3F600944DC7 /* SNSSubscription.swift in Sources */,
				27DC2B99278BA6CB00944DC7 /* SNSServiceView.swift in Sources */,
				27DC2B73278A4B5B00944DC7 /* S3Service.swift in Sources */,
				27DC2BAB278FC94C00944DC7 /* TableListView.swift in Sources */,
				27DC2B93278B78FD00944DC7 /* SQSQueueListView.swift in Sources */,
				27DC2B76278A4D0E00944DC7 /* AppState.swift in Sources */,
				27DC2B8F278B763200944DC7 /* SQSService.swift in Sources */,
				27DC2B9B278BA78F00944DC7 /* SNSService.swift in Sources */,
			);
			runOnlyForDeploymentPostprocessing = 0;
		};
/* End PBXSourcesBuildPhase section */

/* Begin XCBuildConfiguration section */
		27DC2B59278A331600944DC7 /* Debug */ = {
			isa = XCBuildConfiguration;
			buildSettings = {
				ALWAYS_SEARCH_USER_PATHS = NO;
				CLANG_ANALYZER_NONNULL = YES;
				CLANG_ANALYZER_NUMBER_OBJECT_CONVERSION = YES_AGGRESSIVE;
				CLANG_CXX_LANGUAGE_STANDARD = "gnu++17";
				CLANG_CXX_LIBRARY = "libc++";
				CLANG_ENABLE_MODULES = YES;
				CLANG_ENABLE_OBJC_ARC = YES;
				CLANG_ENABLE_OBJC_WEAK = YES;
				CLANG_WARN_BLOCK_CAPTURE_AUTORELEASING = YES;
				CLANG_WARN_BOOL_CONVERSION = YES;
				CLANG_WARN_COMMA = YES;
				CLANG_WARN_CONSTANT_CONVERSION = YES;
				CLANG_WARN_DEPRECATED_OBJC_IMPLEMENTATIONS = YES;
				CLANG_WARN_DIRECT_OBJC_ISA_USAGE = YES_ERROR;
				CLANG_WARN_DOCUMENTATION_COMMENTS = YES;
				CLANG_WARN_EMPTY_BODY = YES;
				CLANG_WARN_ENUM_CONVERSION = YES;
				CLANG_WARN_INFINITE_RECURSION = YES;
				CLANG_WARN_INT_CONVERSION = YES;
				CLANG_WARN_NON_LITERAL_NULL_CONVERSION = YES;
				CLANG_WARN_OBJC_IMPLICIT_RETAIN_SELF = YES;
				CLANG_WARN_OBJC_LITERAL_CONVERSION = YES;
				CLANG_WARN_OBJC_ROOT_CLASS = YES_ERROR;
				CLANG_WARN_QUOTED_INCLUDE_IN_FRAMEWORK_HEADER = YES;
				CLANG_WARN_RANGE_LOOP_ANALYSIS = YES;
				CLANG_WARN_STRICT_PROTOTYPES = YES;
				CLANG_WARN_SUSPICIOUS_MOVE = YES;
				CLANG_WARN_UNGUARDED_AVAILABILITY = YES_AGGRESSIVE;
				CLANG_WARN_UNREACHABLE_CODE = YES;
				CLANG_WARN__DUPLICATE_METHOD_MATCH = YES;
				COPY_PHASE_STRIP = NO;
				DEBUG_INFORMATION_FORMAT = dwarf;
				ENABLE_STRICT_OBJC_MSGSEND = YES;
				ENABLE_TESTABILITY = YES;
				GCC_C_LANGUAGE_STANDARD = gnu11;
				GCC_DYNAMIC_NO_PIC = NO;
				GCC_NO_COMMON_BLOCKS = YES;
				GCC_OPTIMIZATION_LEVEL = 0;
				GCC_PREPROCESSOR_DEFINITIONS = (
					"DEBUG=1",
					"$(inherited)",
				);
				GCC_WARN_64_TO_32_BIT_CONVERSION = YES;
				GCC_WARN_ABOUT_RETURN_TYPE = YES_ERROR;
				GCC_WARN_UNDECLARED_SELECTOR = YES;
				GCC_WARN_UNINITIALIZED_AUTOS = YES_AGGRESSIVE;
				GCC_WARN_UNUSED_FUNCTION = YES;
				GCC_WARN_UNUSED_VARIABLE = YES;
				MACOSX_DEPLOYMENT_TARGET = 12.0;
				MTL_ENABLE_DEBUG_INFO = INCLUDE_SOURCE;
				MTL_FAST_MATH = YES;
				ONLY_ACTIVE_ARCH = YES;
				SDKROOT = macosx;
				SWIFT_ACTIVE_COMPILATION_CONDITIONS = DEBUG;
				SWIFT_OPTIMIZATION_LEVEL = "-Onone";
			};
			name = Debug;
		};
		27DC2B5A278A331600944DC7 /* Release */ = {
			isa = XCBuildConfiguration;
			buildSettings = {
				ALWAYS_SEARCH_USER_PATHS = NO;
				CLANG_ANALYZER_NONNULL = YES;
				CLANG_ANALYZER_NUMBER_OBJECT_CONVERSION = YES_AGGRESSIVE;
				CLANG_CXX_LANGUAGE_STANDARD = "gnu++17";
				CLANG_CXX_LIBRARY = "libc++";
				CLANG_ENABLE_MODULES = YES;
				CLANG_ENABLE_OBJC_ARC = YES;
				CLANG_ENABLE_OBJC_WEAK = YES;
				CLANG_WARN_BLOCK_CAPTURE_AUTORELEASING = YES;
				CLANG_WARN_BOOL_CONVERSION = YES;
				CLANG_WARN_COMMA = YES;
				CLANG_WARN_CONSTANT_CONVERSION = YES;
				CLANG_WARN_DEPRECATED_OBJC_IMPLEMENTATIONS = YES;
				CLANG_WARN_DIRECT_OBJC_ISA_USAGE = YES_ERROR;
				CLANG_WARN_DOCUMENTATION_COMMENTS = YES;
				CLANG_WARN_EMPTY_BODY = YES;
				CLANG_WARN_ENUM_CONVERSION = YES;
				CLANG_WARN_INFINITE_RECURSION = YES;
				CLANG_WARN_INT_CONVERSION = YES;
				CLANG_WARN_NON_LITERAL_NULL_CONVERSION = YES;
				CLANG_WARN_OBJC_IMPLICIT_RETAIN_SELF = YES;
				CLANG_WARN_OBJC_LITERAL_CONVERSION = YES;
				CLANG_WARN_OBJC_ROOT_CLASS = YES_ERROR;
				CLANG_WARN_QUOTED_INCLUDE_IN_FRAMEWORK_HEADER = YES;
				CLANG_WARN_RANGE_LOOP_ANALYSIS = YES;
				CLANG_WARN_STRICT_PROTOTYPES = YES;
				CLANG_WARN_SUSPICIOUS_MOVE = YES;
				CLANG_WARN_UNGUARDED_AVAILABILITY = YES_AGGRESSIVE;
				CLANG_WARN_UNREACHABLE_CODE = YES;
				CLANG_WARN__DUPLICATE_METHOD_MATCH = YES;
				COPY_PHASE_STRIP = NO;
				DEBUG_INFORMATION_FORMAT = "dwarf-with-dsym";
				ENABLE_NS_ASSERTIONS = NO;
				ENABLE_STRICT_OBJC_MSGSEND = YES;
				GCC_C_LANGUAGE_STANDARD = gnu11;
				GCC_NO_COMMON_BLOCKS = YES;
				GCC_WARN_64_TO_32_BIT_CONVERSION = YES;
				GCC_WARN_ABOUT_RETURN_TYPE = YES_ERROR;
				GCC_WARN_UNDECLARED_SELECTOR = YES;
				GCC_WARN_UNINITIALIZED_AUTOS = YES_AGGRESSIVE;
				GCC_WARN_UNUSED_FUNCTION = YES;
				GCC_WARN_UNUSED_VARIABLE = YES;
				MACOSX_DEPLOYMENT_TARGET = 12.0;
				MTL_ENABLE_DEBUG_INFO = NO;
				MTL_FAST_MATH = YES;
				SDKROOT = macosx;
				SWIFT_COMPILATION_MODE = wholemodule;
				SWIFT_OPTIMIZATION_LEVEL = "-O";
			};
			name = Release;
		};
		27DC2B5C278A331600944DC7 /* Debug */ = {
			isa = XCBuildConfiguration;
			buildSettings = {
				ASSETCATALOG_COMPILER_APPICON_NAME = AppIcon;
				ASSETCATALOG_COMPILER_GLOBAL_ACCENT_COLOR_NAME = AccentColor;
				CODE_SIGN_ENTITLEMENTS = Stackmon/Stackmon.entitlements;
				CODE_SIGN_STYLE = Automatic;
				COMBINE_HIDPI_IMAGES = YES;
				CURRENT_PROJECT_VERSION = 1;
				DEVELOPMENT_ASSET_PATHS = "\"Stackmon/Preview Content\"";
				ENABLE_PREVIEWS = YES;
				GENERATE_INFOPLIST_FILE = YES;
				INFOPLIST_FILE = Stackmon/Info.plist;
				INFOPLIST_KEY_NSHumanReadableCopyright = "";
				LD_RUNPATH_SEARCH_PATHS = (
					"$(inherited)",
					"@executable_path/../Frameworks",
				);
				MACOSX_DEPLOYMENT_TARGET = 11.0;
				MARKETING_VERSION = 1.0;
				PRODUCT_BUNDLE_IDENTIFIER = com.mbpolan.Stackmon;
				PRODUCT_NAME = "$(TARGET_NAME)";
				SWIFT_EMIT_LOC_STRINGS = YES;
				SWIFT_VERSION = 5.0;
			};
			name = Debug;
		};
		27DC2B5D278A331600944DC7 /* Release */ = {
			isa = XCBuildConfiguration;
			buildSettings = {
				ASSETCATALOG_COMPILER_APPICON_NAME = AppIcon;
				ASSETCATALOG_COMPILER_GLOBAL_ACCENT_COLOR_NAME = AccentColor;
				CODE_SIGN_ENTITLEMENTS = Stackmon/Stackmon.entitlements;
				CODE_SIGN_STYLE = Automatic;
				COMBINE_HIDPI_IMAGES = YES;
				CURRENT_PROJECT_VERSION = 1;
				DEVELOPMENT_ASSET_PATHS = "\"Stackmon/Preview Content\"";
				ENABLE_PREVIEWS = YES;
				GENERATE_INFOPLIST_FILE = YES;
				INFOPLIST_FILE = Stackmon/Info.plist;
				INFOPLIST_KEY_NSHumanReadableCopyright = "";
				LD_RUNPATH_SEARCH_PATHS = (
					"$(inherited)",
					"@executable_path/../Frameworks",
				);
				MACOSX_DEPLOYMENT_TARGET = 11.0;
				MARKETING_VERSION = 1.0;
				PRODUCT_BUNDLE_IDENTIFIER = com.mbpolan.Stackmon;
				PRODUCT_NAME = "$(TARGET_NAME)";
				SWIFT_EMIT_LOC_STRINGS = YES;
				SWIFT_VERSION = 5.0;
			};
			name = Release;
		};
/* End XCBuildConfiguration section */

/* Begin XCConfigurationList section */
		27DC2B47278A331400944DC7 /* Build configuration list for PBXProject "Stackmon" */ = {
			isa = XCConfigurationList;
			buildConfigurations = (
				27DC2B59278A331600944DC7 /* Debug */,
				27DC2B5A278A331600944DC7 /* Release */,
			);
			defaultConfigurationIsVisible = 0;
			defaultConfigurationName = Release;
		};
		27DC2B5B278A331600944DC7 /* Build configuration list for PBXNativeTarget "Stackmon" */ = {
			isa = XCConfigurationList;
			buildConfigurations = (
				27DC2B5C278A331600944DC7 /* Debug */,
				27DC2B5D278A331600944DC7 /* Release */,
			);
			defaultConfigurationIsVisible = 0;
			defaultConfigurationName = Release;
		};
/* End XCConfigurationList section */

/* Begin XCRemoteSwiftPackageReference section */
		27DC2B60278A35A100944DC7 /* XCRemoteSwiftPackageReference "soto" */ = {
			isa = XCRemoteSwiftPackageReference;
			repositoryURL = "https://github.com/soto-project/soto.git";
			requirement = {
				kind = upToNextMajorVersion;
				minimumVersion = 5.0.0;
			};
		};
/* End XCRemoteSwiftPackageReference section */

/* Begin XCSwiftPackageProductDependency section */
		27DC2B61278A35A100944DC7 /* SotoAthena */ = {
			isa = XCSwiftPackageProductDependency;
			package = 27DC2B60278A35A100944DC7 /* XCRemoteSwiftPackageReference "soto" */;
			productName = SotoAthena;
		};
		27DC2B63278A35A100944DC7 /* SotoElasticsearchService */ = {
			isa = XCSwiftPackageProductDependency;
			package = 27DC2B60278A35A100944DC7 /* XCRemoteSwiftPackageReference "soto" */;
			productName = SotoElasticsearchService;
		};
		27DC2B65278A35A100944DC7 /* SotoGlue */ = {
			isa = XCSwiftPackageProductDependency;
			package = 27DC2B60278A35A100944DC7 /* XCRemoteSwiftPackageReference "soto" */;
			productName = SotoGlue;
		};
		27DC2B67278A35A100944DC7 /* SotoIAM */ = {
			isa = XCSwiftPackageProductDependency;
			package = 27DC2B60278A35A100944DC7 /* XCRemoteSwiftPackageReference "soto" */;
			productName = SotoIAM;
		};
		27DC2B69278A35A100944DC7 /* SotoLambda */ = {
			isa = XCSwiftPackageProductDependency;
			package = 27DC2B60278A35A100944DC7 /* XCRemoteSwiftPackageReference "soto" */;
			productName = SotoLambda;
		};
		27DC2B6B278A35A100944DC7 /* SotoS3 */ = {
			isa = XCSwiftPackageProductDependency;
			package = 27DC2B60278A35A100944DC7 /* XCRemoteSwiftPackageReference "soto" */;
			productName = SotoS3;
		};
		27DC2B6D278A35A100944DC7 /* SotoSNS */ = {
			isa = XCSwiftPackageProductDependency;
			package = 27DC2B60278A35A100944DC7 /* XCRemoteSwiftPackageReference "soto" */;
			productName = SotoSNS;
		};
		27DC2B6F278A35A100944DC7 /* SotoSQS */ = {
			isa = XCSwiftPackageProductDependency;
			package = 27DC2B60278A35A100944DC7 /* XCRemoteSwiftPackageReference "soto" */;
			productName = SotoSQS;
		};
/* End XCSwiftPackageProductDependency section */
	};
	rootObject = 27DC2B44278A331400944DC7 /* Project object */;
}
